// !$*UTF8*$!
{
	archiveVersion = 1;
	classes = {
	};
	objectVersion = 52;
	objects = {

/* Begin PBXBuildFile section */
		CA1E73D625740FFF00B9A221 /* AppDetailsPreviewCell.swift in Sources */ = {isa = PBXBuildFile; fileRef = CA1E73D525740FFF00B9A221 /* AppDetailsPreviewCell.swift */; };
		CA1E73DA2574127C00B9A221 /* AppDetailsPreviewViewController.swift in Sources */ = {isa = PBXBuildFile; fileRef = CA1E73D92574127C00B9A221 /* AppDetailsPreviewViewController.swift */; };
		CA1E73E02574156200B9A221 /* AppDetailsScreenshotCell.swift in Sources */ = {isa = PBXBuildFile; fileRef = CA1E73DF2574156200B9A221 /* AppDetailsScreenshotCell.swift */; };
		CA612E07257399890068D3D0 /* HSnappingCollectionViewController.swift in Sources */ = {isa = PBXBuildFile; fileRef = CA612E06257399890068D3D0 /* HSnappingCollectionViewController.swift */; };
		CA6E75032572518A00EE0443 /* AppsGroupInfoCell.swift in Sources */ = {isa = PBXBuildFile; fileRef = CA6E75022572518A00EE0443 /* AppsGroupInfoCell.swift */; };
		CA6E7506257257A300EE0443 /* UIButton+Helpers.swift in Sources */ = {isa = PBXBuildFile; fileRef = CA6E7505257257A300EE0443 /* UIButton+Helpers.swift */; };
		CA6E7509257257B700EE0443 /* UIImageView+Helpers.swift in Sources */ = {isa = PBXBuildFile; fileRef = CA6E7508257257B700EE0443 /* UIImageView+Helpers.swift */; };
		CA6E750D25725C5300EE0443 /* AppsPageHeader.swift in Sources */ = {isa = PBXBuildFile; fileRef = CA6E750C25725C5300EE0443 /* AppsPageHeader.swift */; };
		CA7450C62576B4ED0019FFC5 /* AppReviewsService.swift in Sources */ = {isa = PBXBuildFile; fileRef = CA7450C52576B4ED0019FFC5 /* AppReviewsService.swift */; };
		CA7450C92576BD5F0019FFC5 /* AppReview.swift in Sources */ = {isa = PBXBuildFile; fileRef = CA7450C82576BD5F0019FFC5 /* AppReview.swift */; };
		CA95DECE2578068A009AB085 /* TodayCell.swift in Sources */ = {isa = PBXBuildFile; fileRef = CA95DECD2578068A009AB085 /* TodayCell.swift */; };
		CA9B4E7F2572BA50009644B9 /* AppsHeaderService.swift in Sources */ = {isa = PBXBuildFile; fileRef = CA9B4E7E2572BA50009644B9 /* AppsHeaderService.swift */; };
		CA9B4E822572BB3A009644B9 /* AppsHeaderItem.swift in Sources */ = {isa = PBXBuildFile; fileRef = CA9B4E812572BB3A009644B9 /* AppsHeaderItem.swift */; };
		CA9B4E8F2572CBAF009644B9 /* HTTPClient.swift in Sources */ = {isa = PBXBuildFile; fileRef = CA9B4E8E2572CBAF009644B9 /* HTTPClient.swift */; };
		CA9B92902573AB170047018E /* AppDetailsViewController.swift in Sources */ = {isa = PBXBuildFile; fileRef = CA9B928F2573AB170047018E /* AppDetailsViewController.swift */; };
		CA9B92932573F4920047018E /* AppDetails.swift in Sources */ = {isa = PBXBuildFile; fileRef = CA9B92922573F4920047018E /* AppDetails.swift */; };
		CA9B92962573F55C0047018E /* AppDetailsService.swift in Sources */ = {isa = PBXBuildFile; fileRef = CA9B92952573F55C0047018E /* AppDetailsService.swift */; };
		CA9B929B2573FA950047018E /* AppDetailsInfoCell.swift in Sources */ = {isa = PBXBuildFile; fileRef = CA9B929A2573FA950047018E /* AppDetailsInfoCell.swift */; };
		CABD825925713073004D8396 /* SearchResult.swift in Sources */ = {isa = PBXBuildFile; fileRef = CABD825825713073004D8396 /* SearchResult.swift */; };
		CABD825C25713534004D8396 /* SearchService.swift in Sources */ = {isa = PBXBuildFile; fileRef = CABD825B25713534004D8396 /* SearchService.swift */; };
		CABD826125714BBA004D8396 /* SDWebImage in Frameworks */ = {isa = PBXBuildFile; productRef = CABD826025714BBA004D8396 /* SDWebImage */; };
		CAD00B64257261F500B76EC4 /* AppsHeaderViewController.swift in Sources */ = {isa = PBXBuildFile; fileRef = CAD00B63257261F500B76EC4 /* AppsHeaderViewController.swift */; };
		CAD00B682572649400B76EC4 /* AppsHeaderInfoCell.swift in Sources */ = {isa = PBXBuildFile; fileRef = CAD00B672572649400B76EC4 /* AppsHeaderInfoCell.swift */; };
		CAD00B6B25726E6C00B76EC4 /* AppsGroupService.swift in Sources */ = {isa = PBXBuildFile; fileRef = CAD00B6A25726E6C00B76EC4 /* AppsGroupService.swift */; };
		CAD00B6F2572701500B76EC4 /* AppsGroup.swift in Sources */ = {isa = PBXBuildFile; fileRef = CAD00B6E2572701500B76EC4 /* AppsGroup.swift */; };
		CADF729E2570F95300FD74C4 /* AppDelegate.swift in Sources */ = {isa = PBXBuildFile; fileRef = CADF729D2570F95300FD74C4 /* AppDelegate.swift */; };
		CADF72A42570F95400FD74C4 /* Assets.xcassets in Resources */ = {isa = PBXBuildFile; fileRef = CADF72A32570F95400FD74C4 /* Assets.xcassets */; };
		CADF72B72570FC6300FD74C4 /* BaseTabBarController.swift in Sources */ = {isa = PBXBuildFile; fileRef = CADF72B62570FC6300FD74C4 /* BaseTabBarController.swift */; };
		CADF72BA2571044000FD74C4 /* SearchPageViewController.swift in Sources */ = {isa = PBXBuildFile; fileRef = CADF72B92571044000FD74C4 /* SearchPageViewController.swift */; };
		CADF72BD257105A700FD74C4 /* TodayViewController.swift in Sources */ = {isa = PBXBuildFile; fileRef = CADF72BC257105A700FD74C4 /* TodayViewController.swift */; };
		CADF72C0257105D700FD74C4 /* AppsPageViewController.swift in Sources */ = {isa = PBXBuildFile; fileRef = CADF72BF257105D700FD74C4 /* AppsPageViewController.swift */; };
		CADF72C3257107C000FD74C4 /* SearchPageResultCell.swift in Sources */ = {isa = PBXBuildFile; fileRef = CADF72C2257107C000FD74C4 /* SearchPageResultCell.swift */; };
		CADF72C625710FEA00FD74C4 /* UIView+LayoutHelpers.swift in Sources */ = {isa = PBXBuildFile; fileRef = CADF72C525710FEA00FD74C4 /* UIView+LayoutHelpers.swift */; };
		CADF72C9257117D300FD74C4 /* VerticalStackView.swift in Sources */ = {isa = PBXBuildFile; fileRef = CADF72C8257117D300FD74C4 /* VerticalStackView.swift */; };
		CAFABF7E25717E5F0076A26C /* AppsPageGroupCell.swift in Sources */ = {isa = PBXBuildFile; fileRef = CAFABF7D25717E5F0076A26C /* AppsPageGroupCell.swift */; };
		CAFABF812571828D0076A26C /* UILabel+Helpers.swift in Sources */ = {isa = PBXBuildFile; fileRef = CAFABF802571828D0076A26C /* UILabel+Helpers.swift */; };
		CAFABF842571848A0076A26C /* AppsGroupViewController.swift in Sources */ = {isa = PBXBuildFile; fileRef = CAFABF832571848A0076A26C /* AppsGroupViewController.swift */; };
		CAFEBC362575644400E9C232 /* AppDetailsReviewsCell.swift in Sources */ = {isa = PBXBuildFile; fileRef = CAFEBC352575644400E9C232 /* AppDetailsReviewsCell.swift */; };
		CAFEBC3B2575679A00E9C232 /* AppDetailsReviewsController.swift in Sources */ = {isa = PBXBuildFile; fileRef = CAFEBC3A2575679A00E9C232 /* AppDetailsReviewsController.swift */; };
		CAFEBC3E25756A0D00E9C232 /* AppDetailsReviewCardCell.swift in Sources */ = {isa = PBXBuildFile; fileRef = CAFEBC3D25756A0D00E9C232 /* AppDetailsReviewCardCell.swift */; };
/* End PBXBuildFile section */

/* Begin PBXFileReference section */
		CA1E73D525740FFF00B9A221 /* AppDetailsPreviewCell.swift */ = {isa = PBXFileReference; lastKnownFileType = sourcecode.swift; path = AppDetailsPreviewCell.swift; sourceTree = "<group>"; };
		CA1E73D92574127C00B9A221 /* AppDetailsPreviewViewController.swift */ = {isa = PBXFileReference; lastKnownFileType = sourcecode.swift; path = AppDetailsPreviewViewController.swift; sourceTree = "<group>"; };
		CA1E73DF2574156200B9A221 /* AppDetailsScreenshotCell.swift */ = {isa = PBXFileReference; lastKnownFileType = sourcecode.swift; path = AppDetailsScreenshotCell.swift; sourceTree = "<group>"; };
		CA612E06257399890068D3D0 /* HSnappingCollectionViewController.swift */ = {isa = PBXFileReference; lastKnownFileType = sourcecode.swift; path = HSnappingCollectionViewController.swift; sourceTree = "<group>"; };
		CA6E75022572518A00EE0443 /* AppsGroupInfoCell.swift */ = {isa = PBXFileReference; lastKnownFileType = sourcecode.swift; path = AppsGroupInfoCell.swift; sourceTree = "<group>"; };
		CA6E7505257257A300EE0443 /* UIButton+Helpers.swift */ = {isa = PBXFileReference; lastKnownFileType = sourcecode.swift; path = "UIButton+Helpers.swift"; sourceTree = "<group>"; };
		CA6E7508257257B700EE0443 /* UIImageView+Helpers.swift */ = {isa = PBXFileReference; lastKnownFileType = sourcecode.swift; path = "UIImageView+Helpers.swift"; sourceTree = "<group>"; };
		CA6E750C25725C5300EE0443 /* AppsPageHeader.swift */ = {isa = PBXFileReference; lastKnownFileType = sourcecode.swift; path = AppsPageHeader.swift; sourceTree = "<group>"; };
		CA7450C52576B4ED0019FFC5 /* AppReviewsService.swift */ = {isa = PBXFileReference; lastKnownFileType = sourcecode.swift; path = AppReviewsService.swift; sourceTree = "<group>"; };
		CA7450C82576BD5F0019FFC5 /* AppReview.swift */ = {isa = PBXFileReference; lastKnownFileType = sourcecode.swift; path = AppReview.swift; sourceTree = "<group>"; };
		CA95DECD2578068A009AB085 /* TodayCell.swift */ = {isa = PBXFileReference; lastKnownFileType = sourcecode.swift; path = TodayCell.swift; sourceTree = "<group>"; };
		CA9B4E7E2572BA50009644B9 /* AppsHeaderService.swift */ = {isa = PBXFileReference; lastKnownFileType = sourcecode.swift; path = AppsHeaderService.swift; sourceTree = "<group>"; };
		CA9B4E812572BB3A009644B9 /* AppsHeaderItem.swift */ = {isa = PBXFileReference; lastKnownFileType = sourcecode.swift; path = AppsHeaderItem.swift; sourceTree = "<group>"; };
		CA9B4E8E2572CBAF009644B9 /* HTTPClient.swift */ = {isa = PBXFileReference; lastKnownFileType = sourcecode.swift; path = HTTPClient.swift; sourceTree = "<group>"; };
		CA9B4E922572D2C5009644B9 /* README.md */ = {isa = PBXFileReference; lastKnownFileType = net.daringfireball.markdown; path = README.md; sourceTree = "<group>"; };
		CA9B928F2573AB170047018E /* AppDetailsViewController.swift */ = {isa = PBXFileReference; lastKnownFileType = sourcecode.swift; path = AppDetailsViewController.swift; sourceTree = "<group>"; };
		CA9B92922573F4920047018E /* AppDetails.swift */ = {isa = PBXFileReference; lastKnownFileType = sourcecode.swift; path = AppDetails.swift; sourceTree = "<group>"; };
		CA9B92952573F55C0047018E /* AppDetailsService.swift */ = {isa = PBXFileReference; lastKnownFileType = sourcecode.swift; path = AppDetailsService.swift; sourceTree = "<group>"; };
		CA9B929A2573FA950047018E /* AppDetailsInfoCell.swift */ = {isa = PBXFileReference; lastKnownFileType = sourcecode.swift; path = AppDetailsInfoCell.swift; sourceTree = "<group>"; };
		CABD825825713073004D8396 /* SearchResult.swift */ = {isa = PBXFileReference; lastKnownFileType = sourcecode.swift; path = SearchResult.swift; sourceTree = "<group>"; };
		CABD825B25713534004D8396 /* SearchService.swift */ = {isa = PBXFileReference; lastKnownFileType = sourcecode.swift; path = SearchService.swift; sourceTree = "<group>"; };
		CAD00B63257261F500B76EC4 /* AppsHeaderViewController.swift */ = {isa = PBXFileReference; lastKnownFileType = sourcecode.swift; path = AppsHeaderViewController.swift; sourceTree = "<group>"; };
		CAD00B672572649400B76EC4 /* AppsHeaderInfoCell.swift */ = {isa = PBXFileReference; lastKnownFileType = sourcecode.swift; path = AppsHeaderInfoCell.swift; sourceTree = "<group>"; };
		CAD00B6A25726E6C00B76EC4 /* AppsGroupService.swift */ = {isa = PBXFileReference; lastKnownFileType = sourcecode.swift; path = AppsGroupService.swift; sourceTree = "<group>"; };
		CAD00B6E2572701500B76EC4 /* AppsGroup.swift */ = {isa = PBXFileReference; lastKnownFileType = sourcecode.swift; path = AppsGroup.swift; sourceTree = "<group>"; };
		CADF729A2570F95300FD74C4 /* AppStoreClone.app */ = {isa = PBXFileReference; explicitFileType = wrapper.application; includeInIndex = 0; path = AppStoreClone.app; sourceTree = BUILT_PRODUCTS_DIR; };
		CADF729D2570F95300FD74C4 /* AppDelegate.swift */ = {isa = PBXFileReference; lastKnownFileType = sourcecode.swift; path = AppDelegate.swift; sourceTree = "<group>"; };
		CADF72A32570F95400FD74C4 /* Assets.xcassets */ = {isa = PBXFileReference; lastKnownFileType = folder.assetcatalog; path = Assets.xcassets; sourceTree = "<group>"; };
		CADF72AB2570F95400FD74C4 /* Info.plist */ = {isa = PBXFileReference; lastKnownFileType = text.plist.xml; path = Info.plist; sourceTree = "<group>"; };
		CADF72B62570FC6300FD74C4 /* BaseTabBarController.swift */ = {isa = PBXFileReference; lastKnownFileType = sourcecode.swift; path = BaseTabBarController.swift; sourceTree = "<group>"; };
		CADF72B92571044000FD74C4 /* SearchPageViewController.swift */ = {isa = PBXFileReference; lastKnownFileType = sourcecode.swift; path = SearchPageViewController.swift; sourceTree = "<group>"; };
		CADF72BC257105A700FD74C4 /* TodayViewController.swift */ = {isa = PBXFileReference; lastKnownFileType = sourcecode.swift; path = TodayViewController.swift; sourceTree = "<group>"; };
		CADF72BF257105D700FD74C4 /* AppsPageViewController.swift */ = {isa = PBXFileReference; lastKnownFileType = sourcecode.swift; path = AppsPageViewController.swift; sourceTree = "<group>"; };
		CADF72C2257107C000FD74C4 /* SearchPageResultCell.swift */ = {isa = PBXFileReference; lastKnownFileType = sourcecode.swift; path = SearchPageResultCell.swift; sourceTree = "<group>"; };
		CADF72C525710FEA00FD74C4 /* UIView+LayoutHelpers.swift */ = {isa = PBXFileReference; lastKnownFileType = sourcecode.swift; path = "UIView+LayoutHelpers.swift"; sourceTree = "<group>"; };
		CADF72C8257117D300FD74C4 /* VerticalStackView.swift */ = {isa = PBXFileReference; lastKnownFileType = sourcecode.swift; path = VerticalStackView.swift; sourceTree = "<group>"; };
		CAFABF7D25717E5F0076A26C /* AppsPageGroupCell.swift */ = {isa = PBXFileReference; lastKnownFileType = sourcecode.swift; path = AppsPageGroupCell.swift; sourceTree = "<group>"; };
		CAFABF802571828D0076A26C /* UILabel+Helpers.swift */ = {isa = PBXFileReference; lastKnownFileType = sourcecode.swift; path = "UILabel+Helpers.swift"; sourceTree = "<group>"; };
		CAFABF832571848A0076A26C /* AppsGroupViewController.swift */ = {isa = PBXFileReference; lastKnownFileType = sourcecode.swift; path = AppsGroupViewController.swift; sourceTree = "<group>"; };
		CAFEBC352575644400E9C232 /* AppDetailsReviewsCell.swift */ = {isa = PBXFileReference; lastKnownFileType = sourcecode.swift; path = AppDetailsReviewsCell.swift; sourceTree = "<group>"; };
		CAFEBC3A2575679A00E9C232 /* AppDetailsReviewsController.swift */ = {isa = PBXFileReference; lastKnownFileType = sourcecode.swift; path = AppDetailsReviewsController.swift; sourceTree = "<group>"; };
		CAFEBC3D25756A0D00E9C232 /* AppDetailsReviewCardCell.swift */ = {isa = PBXFileReference; lastKnownFileType = sourcecode.swift; path = AppDetailsReviewCardCell.swift; sourceTree = "<group>"; };
/* End PBXFileReference section */

/* Begin PBXFrameworksBuildPhase section */
		CADF72972570F95300FD74C4 /* Frameworks */ = {
			isa = PBXFrameworksBuildPhase;
			buildActionMask = 2147483647;
			files = (
				CABD826125714BBA004D8396 /* SDWebImage in Frameworks */,
			);
			runOnlyForDeploymentPostprocessing = 0;
		};
/* End PBXFrameworksBuildPhase section */

/* Begin PBXGroup section */
		CA1E73D82574125B00B9A221 /* Previews */ = {
			isa = PBXGroup;
			children = (
				CA1E73D525740FFF00B9A221 /* AppDetailsPreviewCell.swift */,
				CA1E73D92574127C00B9A221 /* AppDetailsPreviewViewController.swift */,
				CA1E73DF2574156200B9A221 /* AppDetailsScreenshotCell.swift */,
			);
			path = Previews;
			sourceTree = "<group>";
		};
		CA6E751425725E8700EE0443 /* Header */ = {
			isa = PBXGroup;
			children = (
				CA6E750C25725C5300EE0443 /* AppsPageHeader.swift */,
				CAD00B63257261F500B76EC4 /* AppsHeaderViewController.swift */,
				CAD00B672572649400B76EC4 /* AppsHeaderInfoCell.swift */,
			);
			path = Header;
			sourceTree = "<group>";
		};
		CA9B4E892572C513009644B9 /* UI */ = {
			isa = PBXGroup;
			children = (
				CADF72CC257119D000FD74C4 /* Root */,
				CADF72CE257119ED00FD74C4 /* Today */,
				CADF72CF257119F600FD74C4 /* Apps */,
				CA9B928E2573AAFB0047018E /* AppDetails */,
				CADF72CD257119E200FD74C4 /* Search */,
			);
			path = UI;
			sourceTree = "<group>";
		};
		CA9B4E8B2572C6A7009644B9 /* Service */ = {
			isa = PBXGroup;
			children = (
				CAD00B6A25726E6C00B76EC4 /* AppsGroupService.swift */,
				CA9B4E7E2572BA50009644B9 /* AppsHeaderService.swift */,
				CA9B92952573F55C0047018E /* AppDetailsService.swift */,
				CA7450C52576B4ED0019FFC5 /* AppReviewsService.swift */,
				CABD825B25713534004D8396 /* SearchService.swift */,
				CA9B4E8E2572CBAF009644B9 /* HTTPClient.swift */,
			);
			path = Service;
			sourceTree = "<group>";
		};
		CA9B4E8C2572C6C4009644B9 /* Model */ = {
			isa = PBXGroup;
			children = (
				CAD00B6E2572701500B76EC4 /* AppsGroup.swift */,
				CA9B4E812572BB3A009644B9 /* AppsHeaderItem.swift */,
				CA9B92922573F4920047018E /* AppDetails.swift */,
				CA7450C82576BD5F0019FFC5 /* AppReview.swift */,
				CABD825825713073004D8396 /* SearchResult.swift */,
			);
			path = Model;
			sourceTree = "<group>";
		};
		CA9B928E2573AAFB0047018E /* AppDetails */ = {
			isa = PBXGroup;
			children = (
				CAFEBC382575646F00E9C232 /* Reviews */,
				CA1E73D82574125B00B9A221 /* Previews */,
				CA9B928F2573AB170047018E /* AppDetailsViewController.swift */,
				CA9B929A2573FA950047018E /* AppDetailsInfoCell.swift */,
			);
			path = AppDetails;
			sourceTree = "<group>";
		};
		CAD3D726257260FE00EFCFA2 /* Group */ = {
			isa = PBXGroup;
			children = (
				CAFABF7D25717E5F0076A26C /* AppsPageGroupCell.swift */,
				CAFABF832571848A0076A26C /* AppsGroupViewController.swift */,
				CA6E75022572518A00EE0443 /* AppsGroupInfoCell.swift */,
			);
			path = Group;
			sourceTree = "<group>";
		};
		CADF72912570F95300FD74C4 = {
			isa = PBXGroup;
			children = (
				CA9B4E922572D2C5009644B9 /* README.md */,
				CADF729C2570F95300FD74C4 /* AppStoreClone */,
				CADF729B2570F95300FD74C4 /* Products */,
			);
			sourceTree = "<group>";
		};
		CADF729B2570F95300FD74C4 /* Products */ = {
			isa = PBXGroup;
			children = (
				CADF729A2570F95300FD74C4 /* AppStoreClone.app */,
			);
			name = Products;
			sourceTree = "<group>";
		};
		CADF729C2570F95300FD74C4 /* AppStoreClone */ = {
			isa = PBXGroup;
			children = (
				CADF72CB257119BB00FD74C4 /* Bootstrap */,
				CA9B4E8C2572C6C4009644B9 /* Model */,
				CA9B4E8B2572C6A7009644B9 /* Service */,
				CA9B4E892572C513009644B9 /* UI */,
				CADF72D1257119FD00FD74C4 /* Helpers */,
				CADF72A32570F95400FD74C4 /* Assets.xcassets */,
				CADF72AB2570F95400FD74C4 /* Info.plist */,
			);
			path = AppStoreClone;
			sourceTree = "<group>";
		};
		CADF72CB257119BB00FD74C4 /* Bootstrap */ = {
			isa = PBXGroup;
			children = (
				CADF729D2570F95300FD74C4 /* AppDelegate.swift */,
			);
			path = Bootstrap;
			sourceTree = "<group>";
		};
		CADF72CC257119D000FD74C4 /* Root */ = {
			isa = PBXGroup;
			children = (
				CADF72B62570FC6300FD74C4 /* BaseTabBarController.swift */,
			);
			path = Root;
			sourceTree = "<group>";
		};
		CADF72CD257119E200FD74C4 /* Search */ = {
			isa = PBXGroup;
			children = (
				CADF72B92571044000FD74C4 /* SearchPageViewController.swift */,
				CADF72C2257107C000FD74C4 /* SearchPageResultCell.swift */,
			);
			path = Search;
			sourceTree = "<group>";
		};
		CADF72CE257119ED00FD74C4 /* Today */ = {
			isa = PBXGroup;
			children = (
				CADF72BC257105A700FD74C4 /* TodayViewController.swift */,
				CA95DECD2578068A009AB085 /* TodayCell.swift */,
			);
			path = Today;
			sourceTree = "<group>";
		};
		CADF72CF257119F600FD74C4 /* Apps */ = {
			isa = PBXGroup;
			children = (
				CA6E751425725E8700EE0443 /* Header */,
				CAD3D726257260FE00EFCFA2 /* Group */,
				CADF72BF257105D700FD74C4 /* AppsPageViewController.swift */,
			);
			path = Apps;
			sourceTree = "<group>";
		};
		CADF72D1257119FD00FD74C4 /* Helpers */ = {
			isa = PBXGroup;
			children = (
				CADF72C525710FEA00FD74C4 /* UIView+LayoutHelpers.swift */,
				CADF72C8257117D300FD74C4 /* VerticalStackView.swift */,
				CAFABF802571828D0076A26C /* UILabel+Helpers.swift */,
				CA6E7505257257A300EE0443 /* UIButton+Helpers.swift */,
				CA6E7508257257B700EE0443 /* UIImageView+Helpers.swift */,
				CA612E06257399890068D3D0 /* HSnappingCollectionViewController.swift */,
			);
			path = Helpers;
			sourceTree = "<group>";
		};
		CAFEBC382575646F00E9C232 /* Reviews */ = {
			isa = PBXGroup;
			children = (
				CAFEBC352575644400E9C232 /* AppDetailsReviewsCell.swift */,
				CAFEBC3A2575679A00E9C232 /* AppDetailsReviewsController.swift */,
				CAFEBC3D25756A0D00E9C232 /* AppDetailsReviewCardCell.swift */,
			);
			path = Reviews;
			sourceTree = "<group>";
		};
/* End PBXGroup section */

/* Begin PBXNativeTarget section */
		CADF72992570F95300FD74C4 /* AppStoreClone */ = {
			isa = PBXNativeTarget;
			buildConfigurationList = CADF72AE2570F95400FD74C4 /* Build configuration list for PBXNativeTarget "AppStoreClone" */;
			buildPhases = (
				CADF72962570F95300FD74C4 /* Sources */,
				CADF72972570F95300FD74C4 /* Frameworks */,
				CADF72982570F95300FD74C4 /* Resources */,
			);
			buildRules = (
			);
			dependencies = (
			);
			name = AppStoreClone;
			packageProductDependencies = (
				CABD826025714BBA004D8396 /* SDWebImage */,
			);
			productName = AppStoreClone;
			productReference = CADF729A2570F95300FD74C4 /* AppStoreClone.app */;
			productType = "com.apple.product-type.application";
		};
/* End PBXNativeTarget section */

/* Begin PBXProject section */
		CADF72922570F95300FD74C4 /* Project object */ = {
			isa = PBXProject;
			attributes = {
				LastSwiftUpdateCheck = 1220;
				LastUpgradeCheck = 1220;
				TargetAttributes = {
					CADF72992570F95300FD74C4 = {
						CreatedOnToolsVersion = 12.2;
					};
				};
			};
			buildConfigurationList = CADF72952570F95300FD74C4 /* Build configuration list for PBXProject "AppStoreClone" */;
			compatibilityVersion = "Xcode 9.3";
			developmentRegion = en;
			hasScannedForEncodings = 0;
			knownRegions = (
				en,
				Base,
			);
			mainGroup = CADF72912570F95300FD74C4;
			packageReferences = (
				CABD825F25714BBA004D8396 /* XCRemoteSwiftPackageReference "SDWebImage" */,
			);
			productRefGroup = CADF729B2570F95300FD74C4 /* Products */;
			projectDirPath = "";
			projectRoot = "";
			targets = (
				CADF72992570F95300FD74C4 /* AppStoreClone */,
			);
		};
/* End PBXProject section */

/* Begin PBXResourcesBuildPhase section */
		CADF72982570F95300FD74C4 /* Resources */ = {
			isa = PBXResourcesBuildPhase;
			buildActionMask = 2147483647;
			files = (
				CADF72A42570F95400FD74C4 /* Assets.xcassets in Resources */,
			);
			runOnlyForDeploymentPostprocessing = 0;
		};
/* End PBXResourcesBuildPhase section */

/* Begin PBXSourcesBuildPhase section */
		CADF72962570F95300FD74C4 /* Sources */ = {
			isa = PBXSourcesBuildPhase;
			buildActionMask = 2147483647;
			files = (
				CAFEBC3B2575679A00E9C232 /* AppDetailsReviewsController.swift in Sources */,
				CA9B4E7F2572BA50009644B9 /* AppsHeaderService.swift in Sources */,
				CAFABF812571828D0076A26C /* UILabel+Helpers.swift in Sources */,
				CA9B929B2573FA950047018E /* AppDetailsInfoCell.swift in Sources */,
				CAFEBC362575644400E9C232 /* AppDetailsReviewsCell.swift in Sources */,
				CA7450C92576BD5F0019FFC5 /* AppReview.swift in Sources */,
				CA9B4E8F2572CBAF009644B9 /* HTTPClient.swift in Sources */,
				CA1E73D625740FFF00B9A221 /* AppDetailsPreviewCell.swift in Sources */,
				CAD00B682572649400B76EC4 /* AppsHeaderInfoCell.swift in Sources */,
				CA612E07257399890068D3D0 /* HSnappingCollectionViewController.swift in Sources */,
				CA6E7506257257A300EE0443 /* UIButton+Helpers.swift in Sources */,
				CA9B92962573F55C0047018E /* AppDetailsService.swift in Sources */,
				CA1E73DA2574127C00B9A221 /* AppDetailsPreviewViewController.swift in Sources */,
				CADF72BD257105A700FD74C4 /* TodayViewController.swift in Sources */,
				CABD825925713073004D8396 /* SearchResult.swift in Sources */,
				CA9B4E822572BB3A009644B9 /* AppsHeaderItem.swift in Sources */,
				CAD00B6B25726E6C00B76EC4 /* AppsGroupService.swift in Sources */,
				CA6E75032572518A00EE0443 /* AppsGroupInfoCell.swift in Sources */,
				CAFABF7E25717E5F0076A26C /* AppsPageGroupCell.swift in Sources */,
				CADF72C0257105D700FD74C4 /* AppsPageViewController.swift in Sources */,
				CADF72BA2571044000FD74C4 /* SearchPageViewController.swift in Sources */,
				CAD00B6F2572701500B76EC4 /* AppsGroup.swift in Sources */,
				CA7450C62576B4ED0019FFC5 /* AppReviewsService.swift in Sources */,
				CA9B92902573AB170047018E /* AppDetailsViewController.swift in Sources */,
				CAFEBC3E25756A0D00E9C232 /* AppDetailsReviewCardCell.swift in Sources */,
				CADF72B72570FC6300FD74C4 /* BaseTabBarController.swift in Sources */,
				CAD00B64257261F500B76EC4 /* AppsHeaderViewController.swift in Sources */,
				CADF72C3257107C000FD74C4 /* SearchPageResultCell.swift in Sources */,
				CA6E750D25725C5300EE0443 /* AppsPageHeader.swift in Sources */,
				CA9B92932573F4920047018E /* AppDetails.swift in Sources */,
				CABD825C25713534004D8396 /* SearchService.swift in Sources */,
				CA95DECE2578068A009AB085 /* TodayCell.swift in Sources */,
				CADF72C9257117D300FD74C4 /* VerticalStackView.swift in Sources */,
				CADF72C625710FEA00FD74C4 /* UIView+LayoutHelpers.swift in Sources */,
				CAFABF842571848A0076A26C /* AppsGroupViewController.swift in Sources */,
				CA6E7509257257B700EE0443 /* UIImageView+Helpers.swift in Sources */,
				CA1E73E02574156200B9A221 /* AppDetailsScreenshotCell.swift in Sources */,
				CADF729E2570F95300FD74C4 /* AppDelegate.swift in Sources */,
			);
			runOnlyForDeploymentPostprocessing = 0;
		};
/* End PBXSourcesBuildPhase section */

/* Begin XCBuildConfiguration section */
		CADF72AC2570F95400FD74C4 /* Debug */ = {
			isa = XCBuildConfiguration;
			buildSettings = {
				ALWAYS_SEARCH_USER_PATHS = NO;
				CLANG_ANALYZER_NONNULL = YES;
				CLANG_ANALYZER_NUMBER_OBJECT_CONVERSION = YES_AGGRESSIVE;
				CLANG_CXX_LANGUAGE_STANDARD = "gnu++14";
				CLANG_CXX_LIBRARY = "libc++";
				CLANG_ENABLE_MODULES = YES;
				CLANG_ENABLE_OBJC_ARC = YES;
				CLANG_ENABLE_OBJC_WEAK = YES;
				CLANG_WARN_BLOCK_CAPTURE_AUTORELEASING = YES;
				CLANG_WARN_BOOL_CONVERSION = YES;
				CLANG_WARN_COMMA = YES;
				CLANG_WARN_CONSTANT_CONVERSION = YES;
				CLANG_WARN_DEPRECATED_OBJC_IMPLEMENTATIONS = YES;
				CLANG_WARN_DIRECT_OBJC_ISA_USAGE = YES_ERROR;
				CLANG_WARN_DOCUMENTATION_COMMENTS = YES;
				CLANG_WARN_EMPTY_BODY = YES;
				CLANG_WARN_ENUM_CONVERSION = YES;
				CLANG_WARN_INFINITE_RECURSION = YES;
				CLANG_WARN_INT_CONVERSION = YES;
				CLANG_WARN_NON_LITERAL_NULL_CONVERSION = YES;
				CLANG_WARN_OBJC_IMPLICIT_RETAIN_SELF = YES;
				CLANG_WARN_OBJC_LITERAL_CONVERSION = YES;
				CLANG_WARN_OBJC_ROOT_CLASS = YES_ERROR;
				CLANG_WARN_QUOTED_INCLUDE_IN_FRAMEWORK_HEADER = YES;
				CLANG_WARN_RANGE_LOOP_ANALYSIS = YES;
				CLANG_WARN_STRICT_PROTOTYPES = YES;
				CLANG_WARN_SUSPICIOUS_MOVE = YES;
				CLANG_WARN_UNGUARDED_AVAILABILITY = YES_AGGRESSIVE;
				CLANG_WARN_UNREACHABLE_CODE = YES;
				CLANG_WARN__DUPLICATE_METHOD_MATCH = YES;
				COPY_PHASE_STRIP = NO;
				DEBUG_INFORMATION_FORMAT = dwarf;
				ENABLE_STRICT_OBJC_MSGSEND = YES;
				ENABLE_TESTABILITY = YES;
				GCC_C_LANGUAGE_STANDARD = gnu11;
				GCC_DYNAMIC_NO_PIC = NO;
				GCC_NO_COMMON_BLOCKS = YES;
				GCC_OPTIMIZATION_LEVEL = 0;
				GCC_PREPROCESSOR_DEFINITIONS = (
					"DEBUG=1",
					"$(inherited)",
				);
				GCC_WARN_64_TO_32_BIT_CONVERSION = YES;
				GCC_WARN_ABOUT_RETURN_TYPE = YES_ERROR;
				GCC_WARN_UNDECLARED_SELECTOR = YES;
				GCC_WARN_UNINITIALIZED_AUTOS = YES_AGGRESSIVE;
				GCC_WARN_UNUSED_FUNCTION = YES;
				GCC_WARN_UNUSED_VARIABLE = YES;
				IPHONEOS_DEPLOYMENT_TARGET = 14.2;
				MTL_ENABLE_DEBUG_INFO = INCLUDE_SOURCE;
				MTL_FAST_MATH = YES;
				ONLY_ACTIVE_ARCH = YES;
				SDKROOT = iphoneos;
				SWIFT_ACTIVE_COMPILATION_CONDITIONS = DEBUG;
				SWIFT_OPTIMIZATION_LEVEL = "-Onone";
			};
			name = Debug;
		};
		CADF72AD2570F95400FD74C4 /* Release */ = {
			isa = XCBuildConfiguration;
			buildSettings = {
				ALWAYS_SEARCH_USER_PATHS = NO;
				CLANG_ANALYZER_NONNULL = YES;
				CLANG_ANALYZER_NUMBER_OBJECT_CONVERSION = YES_AGGRESSIVE;
				CLANG_CXX_LANGUAGE_STANDARD = "gnu++14";
				CLANG_CXX_LIBRARY = "libc++";
				CLANG_ENABLE_MODULES = YES;
				CLANG_ENABLE_OBJC_ARC = YES;
				CLANG_ENABLE_OBJC_WEAK = YES;
				CLANG_WARN_BLOCK_CAPTURE_AUTORELEASING = YES;
				CLANG_WARN_BOOL_CONVERSION = YES;
				CLANG_WARN_COMMA = YES;
				CLANG_WARN_CONSTANT_CONVERSION = YES;
				CLANG_WARN_DEPRECATED_OBJC_IMPLEMENTATIONS = YES;
				CLANG_WARN_DIRECT_OBJC_ISA_USAGE = YES_ERROR;
				CLANG_WARN_DOCUMENTATION_COMMENTS = YES;
				CLANG_WARN_EMPTY_BODY = YES;
				CLANG_WARN_ENUM_CONVERSION = YES;
				CLANG_WARN_INFINITE_RECURSION = YES;
				CLANG_WARN_INT_CONVERSION = YES;
				CLANG_WARN_NON_LITERAL_NULL_CONVERSION = YES;
				CLANG_WARN_OBJC_IMPLICIT_RETAIN_SELF = YES;
				CLANG_WARN_OBJC_LITERAL_CONVERSION = YES;
				CLANG_WARN_OBJC_ROOT_CLASS = YES_ERROR;
				CLANG_WARN_QUOTED_INCLUDE_IN_FRAMEWORK_HEADER = YES;
				CLANG_WARN_RANGE_LOOP_ANALYSIS = YES;
				CLANG_WARN_STRICT_PROTOTYPES = YES;
				CLANG_WARN_SUSPICIOUS_MOVE = YES;
				CLANG_WARN_UNGUARDED_AVAILABILITY = YES_AGGRESSIVE;
				CLANG_WARN_UNREACHABLE_CODE = YES;
				CLANG_WARN__DUPLICATE_METHOD_MATCH = YES;
				COPY_PHASE_STRIP = NO;
				DEBUG_INFORMATION_FORMAT = "dwarf-with-dsym";
				ENABLE_NS_ASSERTIONS = NO;
				ENABLE_STRICT_OBJC_MSGSEND = YES;
				GCC_C_LANGUAGE_STANDARD = gnu11;
				GCC_NO_COMMON_BLOCKS = YES;
				GCC_WARN_64_TO_32_BIT_CONVERSION = YES;
				GCC_WARN_ABOUT_RETURN_TYPE = YES_ERROR;
				GCC_WARN_UNDECLARED_SELECTOR = YES;
				GCC_WARN_UNINITIALIZED_AUTOS = YES_AGGRESSIVE;
				GCC_WARN_UNUSED_FUNCTION = YES;
				GCC_WARN_UNUSED_VARIABLE = YES;
				IPHONEOS_DEPLOYMENT_TARGET = 14.2;
				MTL_ENABLE_DEBUG_INFO = NO;
				MTL_FAST_MATH = YES;
				SDKROOT = iphoneos;
				SWIFT_COMPILATION_MODE = wholemodule;
				SWIFT_OPTIMIZATION_LEVEL = "-O";
				VALIDATE_PRODUCT = YES;
			};
			name = Release;
		};
		CADF72AF2570F95400FD74C4 /* Debug */ = {
			isa = XCBuildConfiguration;
			buildSettings = {
				ASSETCATALOG_COMPILER_APPICON_NAME = AppIcon;
				ASSETCATALOG_COMPILER_GLOBAL_ACCENT_COLOR_NAME = "";
				CODE_SIGN_STYLE = Automatic;
				DEVELOPMENT_ASSET_PATHS = "";
				DEVELOPMENT_TEAM = 88SJ4NQHB9;
				ENABLE_PREVIEWS = YES;
				INFOPLIST_FILE = AppStoreClone/Info.plist;
				LD_RUNPATH_SEARCH_PATHS = (
					"$(inherited)",
					"@executable_path/Frameworks",
				);
				PRODUCT_BUNDLE_IDENTIFIER = dev.jerosanchez.AppStoreClone;
				PRODUCT_NAME = "$(TARGET_NAME)";
				SWIFT_VERSION = 5.0;
				TARGETED_DEVICE_FAMILY = "1,2";
			};
			name = Debug;
		};
		CADF72B02570F95400FD74C4 /* Release */ = {
			isa = XCBuildConfiguration;
			buildSettings = {
				ASSETCATALOG_COMPILER_APPICON_NAME = AppIcon;
				ASSETCATALOG_COMPILER_GLOBAL_ACCENT_COLOR_NAME = "";
				CODE_SIGN_STYLE = Automatic;
				DEVELOPMENT_ASSET_PATHS = "";
				DEVELOPMENT_TEAM = 88SJ4NQHB9;
				ENABLE_PREVIEWS = YES;
				INFOPLIST_FILE = AppStoreClone/Info.plist;
				LD_RUNPATH_SEARCH_PATHS = (
					"$(inherited)",
					"@executable_path/Frameworks",
				);
				PRODUCT_BUNDLE_IDENTIFIER = dev.jerosanchez.AppStoreClone;
				PRODUCT_NAME = "$(TARGET_NAME)";
				SWIFT_VERSION = 5.0;
				TARGETED_DEVICE_FAMILY = "1,2";
			};
			name = Release;
		};
/* End XCBuildConfiguration section */

/* Begin XCConfigurationList section */
		CADF72952570F95300FD74C4 /* Build configuration list for PBXProject "AppStoreClone" */ = {
			isa = XCConfigurationList;
			buildConfigurations = (
				CADF72AC2570F95400FD74C4 /* Debug */,
				CADF72AD2570F95400FD74C4 /* Release */,
			);
			defaultConfigurationIsVisible = 0;
			defaultConfigurationName = Release;
		};
		CADF72AE2570F95400FD74C4 /* Build configuration list for PBXNativeTarget "AppStoreClone" */ = {
			isa = XCConfigurationList;
			buildConfigurations = (
				CADF72AF2570F95400FD74C4 /* Debug */,
				CADF72B02570F95400FD74C4 /* Release */,
			);
			defaultConfigurationIsVisible = 0;
			defaultConfigurationName = Release;
		};
/* End XCConfigurationList section */

/* Begin XCRemoteSwiftPackageReference section */
		CABD825F25714BBA004D8396 /* XCRemoteSwiftPackageReference "SDWebImage" */ = {
			isa = XCRemoteSwiftPackageReference;
			repositoryURL = "https://github.com/SDWebImage/SDWebImage";
			requirement = {
				kind = upToNextMajorVersion;
				minimumVersion = 5.10.0;
			};
		};
/* End XCRemoteSwiftPackageReference section */

/* Begin XCSwiftPackageProductDependency section */
		CABD826025714BBA004D8396 /* SDWebImage */ = {
			isa = XCSwiftPackageProductDependency;
			package = CABD825F25714BBA004D8396 /* XCRemoteSwiftPackageReference "SDWebImage" */;
			productName = SDWebImage;
		};
/* End XCSwiftPackageProductDependency section */
	};
	rootObject = CADF72922570F95300FD74C4 /* Project object */;
}
